{
  "name": "proof-params-real-proof-fixture",
  "version": "1.0.0",
  "lockfileVersion": 3,
  "requires": true,
  "packages": {
    "": {
      "name": "proof-params-real-proof-fixture",
      "version": "1.0.0",
      "hasInstallScript": false,
      "dependencies": {
        "@midnightntwrk/ledger-v9": "1.0.0-rc.3"
      }
    },
    "node_modules/@midnightntwrk/ledger-v9": {
      "version": "1.0.0-rc.3",
      "resolved": "https://registry.npmjs.org/@midnightntwrk/ledger-v9/-/ledger-v9-1.0.0-rc.3.tgz",
      "integrity": "sha512-i/Cl/d2XQ19gIm5SCruMHr+XiruxIn9Ec3i15DrZ/44Yggzu1u5+dG7QUx7Rw1htkgALXivEt7Kw4NzxPr4pBw=="
    }
  }
}
